
Microsoft Visual Studio Solution File, Format Version 12.00
# Visual Studio Version 16
VisualStudioVersion = 16.0.31424.327
MinimumVisualStudioVersion = 10.0.40219.1
Project("{9A19103F-16F7-4668-BE54-9A1E7A4F7556}") = "ValheimPlayerModels", "ValheimPlayerModels.csproj", "{55F6AEF4-2955-45DD-8DEB-509FD828445C}"
EndProject
Global
	GlobalSection(SolutionConfigurationPlatforms) = preSolution
		Debug|Any CPU = Debug|Any CPU
		Release|Any CPU = Release|Any CPU
		SDK|Any CPU = SDK|Any CPU
	EndGlobalSection
	GlobalSection(ProjectConfigurationPlatforms) = postSolution
		{55F6AEF4-2955-45DD-8DEB-509FD828445C}.Debug|Any CPU.ActiveCfg = Debug|Any CPU
		{55F6AEF4-2955-45DD-8DEB-509FD828445C}.Debug|Any CPU.Build.0 = Debug|Any CPU
		{55F6AEF4-2955-45DD-8DEB-509FD828445C}.Release|Any CPU.ActiveCfg = Release|Any CPU
		{55F6AEF4-2955-45DD-8DEB-509FD828445C}.Release|Any CPU.Build.0 = Release|Any CPU
		{55F6AEF4-2955-45DD-8DEB-509FD828445C}.SDK|Any CPU.ActiveCfg = SDK|Any CPU
		{55F6AEF4-2955-45DD-8DEB-509FD828445C}.SDK|Any CPU.Build.0 = SDK|Any CPU
	EndGlobalSection
	GlobalSection(SolutionProperties) = preSolution
		HideSolutionNode = FALSE
	EndGlobalSection
	GlobalSection(ExtensibilityGlobals) = postSolution
		SolutionGuid = {CD28B2B5-7A25-4387-9E07-5A0DB43A894C}
	EndGlobalSection
EndGlobal
